// !$*UTF8*$!
{
	archiveVersion = 1;
	classes = {
	};
	objectVersion = 56;
	objects = {

/* Begin PBXBuildFile section */
		8158B8602C264F5900FBF571 /* MainPageView.swift in Sources */ = {isa = PBXBuildFile; fileRef = 8158B85F2C264F5900FBF571 /* MainPageView.swift */; };
		8969A93C2C1C8D5D00449F5E /* AquifyATXApp.swift in Sources */ = {isa = PBXBuildFile; fileRef = 8969A93B2C1C8D5D00449F5E /* AquifyATXApp.swift */; };
		8969A93E2C1C8D5D00449F5E /* ContentView.swift in Sources */ = {isa = PBXBuildFile; fileRef = 8969A93D2C1C8D5D00449F5E /* ContentView.swift */; };
		8969A9402C1C8D5E00449F5E /* Assets.xcassets in Resources */ = {isa = PBXBuildFile; fileRef = 8969A93F2C1C8D5E00449F5E /* Assets.xcassets */; };
		8969A9432C1C8D5E00449F5E /* Preview Assets.xcassets in Resources */ = {isa = PBXBuildFile; fileRef = 8969A9422C1C8D5E00449F5E /* Preview Assets.xcassets */; };
		8969A94D2C1C8D5E00449F5E /* AquifyATXTests.swift in Sources */ = {isa = PBXBuildFile; fileRef = 8969A94C2C1C8D5E00449F5E /* AquifyATXTests.swift */; };
		8969A9572C1C8D5E00449F5E /* AquifyATXUITests.swift in Sources */ = {isa = PBXBuildFile; fileRef = 8969A9562C1C8D5E00449F5E /* AquifyATXUITests.swift */; };
		8969A9592C1C8D5E00449F5E /* AquifyATXUITestsLaunchTests.swift in Sources */ = {isa = PBXBuildFile; fileRef = 8969A9582C1C8D5E00449F5E /* AquifyATXUITestsLaunchTests.swift */; };
/* End PBXBuildFile section */

/* Begin PBXContainerItemProxy section */
		8969A9492C1C8D5E00449F5E /* PBXContainerItemProxy */ = {
			isa = PBXContainerItemProxy;
			containerPortal = 8969A9302C1C8D5D00449F5E /* Project object */;
			proxyType = 1;
			remoteGlobalIDString = 8969A9372C1C8D5D00449F5E;
			remoteInfo = AquifyATX;
		};
		8969A9532C1C8D5E00449F5E /* PBXContainerItemProxy */ = {
			isa = PBXContainerItemProxy;
			containerPortal = 8969A9302C1C8D5D00449F5E /* Project object */;
			proxyType = 1;
			remoteGlobalIDString = 8969A9372C1C8D5D00449F5E;
			remoteInfo = AquifyATX;
		};
/* End PBXContainerItemProxy section */

/* Begin PBXFileReference section */
		8158B85F2C264F5900FBF571 /* MainPageView.swift */ = {isa = PBXFileReference; lastKnownFileType = sourcecode.swift; path = MainPageView.swift; sourceTree = "<group>"; };
		8969A9382C1C8D5D00449F5E /* AquifyATX.app */ = {isa = PBXFileReference; explicitFileType = wrapper.application; includeInIndex = 0; path = AquifyATX.app; sourceTree = BUILT_PRODUCTS_DIR; };
		8969A93B2C1C8D5D00449F5E /* AquifyATXApp.swift */ = {isa = PBXFileReference; lastKnownFileType = sourcecode.swift; path = AquifyATXApp.swift; sourceTree = "<group>"; };
		8969A93D2C1C8D5D00449F5E /* ContentView.swift */ = {isa = PBXFileReference; lastKnownFileType = sourcecode.swift; path = ContentView.swift; sourceTree = "<group>"; };
		8969A93F2C1C8D5E00449F5E /* Assets.xcassets */ = {isa = PBXFileReference; lastKnownFileType = folder.assetcatalog; path = Assets.xcassets; sourceTree = "<group>"; };
		8969A9422C1C8D5E00449F5E /* Preview Assets.xcassets */ = {isa = PBXFileReference; lastKnownFileType = folder.assetcatalog; path = "Preview Assets.xcassets"; sourceTree = "<group>"; };
		8969A9482C1C8D5E00449F5E /* AquifyATXTests.xctest */ = {isa = PBXFileReference; explicitFileType = wrapper.cfbundle; includeInIndex = 0; path = AquifyATXTests.xctest; sourceTree = BUILT_PRODUCTS_DIR; };
		8969A94C2C1C8D5E00449F5E /* AquifyATXTests.swift */ = {isa = PBXFileReference; lastKnownFileType = sourcecode.swift; path = AquifyATXTests.swift; sourceTree = "<group>"; };
		8969A9522C1C8D5E00449F5E /* AquifyATXUITests.xctest */ = {isa = PBXFileReference; explicitFileType = wrapper.cfbundle; includeInIndex = 0; path = AquifyATXUITests.xctest; sourceTree = BUILT_PRODUCTS_DIR; };
		8969A9562C1C8D5E00449F5E /* AquifyATXUITests.swift */ = {isa = PBXFileReference; lastKnownFileType = sourcecode.swift; path = AquifyATXUITests.swift; sourceTree = "<group>"; };
		8969A9582C1C8D5E00449F5E /* AquifyATXUITestsLaunchTests.swift */ = {isa = PBXFileReference; lastKnownFileType = sourcecode.swift; path = AquifyATXUITestsLaunchTests.swift; sourceTree = "<group>"; };
/* End PBXFileReference section */

/* Begin PBXFrameworksBuildPhase section */
		8969A9352C1C8D5D00449F5E /* Frameworks */ = {
			isa = PBXFrameworksBuildPhase;
			buildActionMask = 2147483647;
			files = (
			);
			runOnlyForDeploymentPostprocessing = 0;
		};
		8969A9452C1C8D5E00449F5E /* Frameworks */ = {
			isa = PBXFrameworksBuildPhase;
			buildActionMask = 2147483647;
			files = (
			);
			runOnlyForDeploymentPostprocessing = 0;
		};
		8969A94F2C1C8D5E00449F5E /* Frameworks */ = {
			isa = PBXFrameworksBuildPhase;
			buildActionMask = 2147483647;
			files = (
			);
			runOnlyForDeploymentPostprocessing = 0;
		};
/* End PBXFrameworksBuildPhase section */

/* Begin PBXGroup section */
		8158B85C2C264F2500FBF571 /* AquifyATXUI */ = {
			isa = PBXGroup;
			children = (
				8158B85F2C264F5900FBF571 /* MainPageView.swift */,
			);
			path = AquifyATXUI;
			sourceTree = "<group>";
		};
		8969A92F2C1C8D5D00449F5E = {
			isa = PBXGroup;
			children = (
				8158B85C2C264F2500FBF571 /* AquifyATXUI */,
				8969A93A2C1C8D5D00449F5E /* AquifyATX */,
				8969A94B2C1C8D5E00449F5E /* AquifyATXTests */,
				8969A9552C1C8D5E00449F5E /* AquifyATXUITests */,
				8969A9392C1C8D5D00449F5E /* Products */,
			);
			sourceTree = "<group>";
		};
		8969A9392C1C8D5D00449F5E /* Products */ = {
			isa = PBXGroup;
			children = (
				8969A9382C1C8D5D00449F5E /* AquifyATX.app */,
				8969A9482C1C8D5E00449F5E /* AquifyATXTests.xctest */,
				8969A9522C1C8D5E00449F5E /* AquifyATXUITests.xctest */,
			);
			name = Products;
			sourceTree = "<group>";
		};
		8969A93A2C1C8D5D00449F5E /* AquifyATX */ = {
			isa = PBXGroup;
			children = (
				8969A93B2C1C8D5D00449F5E /* AquifyATXApp.swift */,
				8969A93D2C1C8D5D00449F5E /* ContentView.swift */,
				8969A93F2C1C8D5E00449F5E /* Assets.xcassets */,
				8969A9412C1C8D5E00449F5E /* Preview Content */,
			);
			path = AquifyATX;
			sourceTree = "<group>";
		};
		8969A9412C1C8D5E00449F5E /* Preview Content */ = {
			isa = PBXGroup;
			children = (
				8969A9422C1C8D5E00449F5E /* Preview Assets.xcassets */,
			);
			path = "Preview Content";
			sourceTree = "<group>";
		};
		8969A94B2C1C8D5E00449F5E /* AquifyATXTests */ = {
			isa = PBXGroup;
			children = (
				8969A94C2C1C8D5E00449F5E /* AquifyATXTests.swift */,
			);
			path = AquifyATXTests;
			sourceTree = "<group>";
		};
		8969A9552C1C8D5E00449F5E /* AquifyATXUITests */ = {
			isa = PBXGroup;
			children = (
				8969A9562C1C8D5E00449F5E /* AquifyATXUITests.swift */,
				8969A9582C1C8D5E00449F5E /* AquifyATXUITestsLaunchTests.swift */,
			);
			path = AquifyATXUITests;
			sourceTree = "<group>";
		};
/* End PBXGroup section */

/* Begin PBXNativeTarget section */
		8969A9372C1C8D5D00449F5E /* AquifyATX */ = {
			isa = PBXNativeTarget;
			buildConfigurationList = 8969A95C2C1C8D5E00449F5E /* Build configuration list for PBXNativeTarget "AquifyATX" */;
			buildPhases = (
				8969A9342C1C8D5D00449F5E /* Sources */,
				8969A9352C1C8D5D00449F5E /* Frameworks */,
				8969A9362C1C8D5D00449F5E /* Resources */,
			);
			buildRules = (
			);
			dependencies = (
			);
			name = AquifyATX;
			productName = AquifyATX;
			productReference = 8969A9382C1C8D5D00449F5E /* AquifyATX.app */;
			productType = "com.apple.product-type.application";
		};
		8969A9472C1C8D5E00449F5E /* AquifyATXTests */ = {
			isa = PBXNativeTarget;
			buildConfigurationList = 8969A95F2C1C8D5E00449F5E /* Build configuration list for PBXNativeTarget "AquifyATXTests" */;
			buildPhases = (
				8969A9442C1C8D5E00449F5E /* Sources */,
				8969A9452C1C8D5E00449F5E /* Frameworks */,
				8969A9462C1C8D5E00449F5E /* Resources */,
			);
			buildRules = (
			);
			dependencies = (
				8969A94A2C1C8D5E00449F5E /* PBXTargetDependency */,
			);
			name = AquifyATXTests;
			productName = AquifyATXTests;
			productReference = 8969A9482C1C8D5E00449F5E /* AquifyATXTests.xctest */;
			productType = "com.apple.product-type.bundle.unit-test";
		};
		8969A9512C1C8D5E00449F5E /* AquifyATXUITests */ = {
			isa = PBXNativeTarget;
			buildConfigurationList = 8969A9622C1C8D5E00449F5E /* Build configuration list for PBXNativeTarget "AquifyATXUITests" */;
			buildPhases = (
				8969A94E2C1C8D5E00449F5E /* Sources */,
				8969A94F2C1C8D5E00449F5E /* Frameworks */,
				8969A9502C1C8D5E00449F5E /* Resources */,
			);
			buildRules = (
			);
			dependencies = (
				8969A9542C1C8D5E00449F5E /* PBXTargetDependency */,
			);
			name = AquifyATXUITests;
			productName = AquifyATXUITests;
			productReference = 8969A9522C1C8D5E00449F5E /* AquifyATXUITests.xctest */;
			productType = "com.apple.product-type.bundle.ui-testing";
		};
/* End PBXNativeTarget section */

/* Begin PBXProject section */
		8969A9302C1C8D5D00449F5E /* Project object */ = {
			isa = PBXProject;
			attributes = {
				BuildIndependentTargetsInParallel = 1;
				LastSwiftUpdateCheck = 1510;
				LastUpgradeCheck = 1510;
				TargetAttributes = {
					8969A9372C1C8D5D00449F5E = {
						CreatedOnToolsVersion = 15.1;
					};
					8969A9472C1C8D5E00449F5E = {
						CreatedOnToolsVersion = 15.1;
						TestTargetID = 8969A9372C1C8D5D00449F5E;
					};
					8969A9512C1C8D5E00449F5E = {
						CreatedOnToolsVersion = 15.1;
						TestTargetID = 8969A9372C1C8D5D00449F5E;
					};
				};
			};
			buildConfigurationList = 8969A9332C1C8D5D00449F5E /* Build configuration list for PBXProject "AquifyATX" */;
			compatibilityVersion = "Xcode 14.0";
			developmentRegion = en;
			hasScannedForEncodings = 0;
			knownRegions = (
				en,
				Base,
			);
			mainGroup = 8969A92F2C1C8D5D00449F5E;
			productRefGroup = 8969A9392C1C8D5D00449F5E /* Products */;
			projectDirPath = "";
			projectRoot = "";
			targets = (
				8969A9372C1C8D5D00449F5E /* AquifyATX */,
				8969A9472C1C8D5E00449F5E /* AquifyATXTests */,
				8969A9512C1C8D5E00449F5E /* AquifyATXUITests */,
			);
		};
/* End PBXProject section */

/* Begin PBXResourcesBuildPhase section */
		8969A9362C1C8D5D00449F5E /* Resources */ = {
			isa = PBXResourcesBuildPhase;
			buildActionMask = 2147483647;
			files = (
				8969A9432C1C8D5E00449F5E /* Preview Assets.xcassets in Resources */,
				8969A9402C1C8D5E00449F5E /* Assets.xcassets in Resources */,
			);
			runOnlyForDeploymentPostprocessing = 0;
		};
		8969A9462C1C8D5E00449F5E /* Resources */ = {
			isa = PBXResourcesBuildPhase;
			buildActionMask = 2147483647;
			files = (
			);
			runOnlyForDeploymentPostprocessing = 0;
		};
		8969A9502C1C8D5E00449F5E /* Resources */ = {
			isa = PBXResourcesBuildPhase;
			buildActionMask = 2147483647;
			files = (
			);
			runOnlyForDeploymentPostprocessing = 0;
		};
/* End PBXResourcesBuildPhase section */

/* Begin PBXSourcesBuildPhase section */
		8969A9342C1C8D5D00449F5E /* Sources */ = {
			isa = PBXSourcesBuildPhase;
			buildActionMask = 2147483647;
			files = (
				8969A93E2C1C8D5D00449F5E /* ContentView.swift in Sources */,
				8969A93C2C1C8D5D00449F5E /* AquifyATXApp.swift in Sources */,
				8158B8602C264F5900FBF571 /* MainPageView.swift in Sources */,
			);
			runOnlyForDeploymentPostprocessing = 0;
		};
		8969A9442C1C8D5E00449F5E /* Sources */ = {
			isa = PBXSourcesBuildPhase;
			buildActionMask = 2147483647;
			files = (
				8969A94D2C1C8D5E00449F5E /* AquifyATXTests.swift in Sources */,
			);
			runOnlyForDeploymentPostprocessing = 0;
		};
		8969A94E2C1C8D5E00449F5E /* Sources */ = {
			isa = PBXSourcesBuildPhase;
			buildActionMask = 2147483647;
			files = (
				8969A9572C1C8D5E00449F5E /* AquifyATXUITests.swift in Sources */,
				8969A9592C1C8D5E00449F5E /* AquifyATXUITestsLaunchTests.swift in Sources */,
			);
			runOnlyForDeploymentPostprocessing = 0;
		};
/* End PBXSourcesBuildPhase section */

/* Begin PBXTargetDependency section */
		8969A94A2C1C8D5E00449F5E /* PBXTargetDependency */ = {
			isa = PBXTargetDependency;
			target = 8969A9372C1C8D5D00449F5E /* AquifyATX */;
			targetProxy = 8969A9492C1C8D5E00449F5E /* PBXContainerItemProxy */;
		};
		8969A9542C1C8D5E00449F5E /* PBXTargetDependency */ = {
			isa = PBXTargetDependency;
			target = 8969A9372C1C8D5D00449F5E /* AquifyATX */;
			targetProxy = 8969A9532C1C8D5E00449F5E /* PBXContainerItemProxy */;
		};
/* End PBXTargetDependency section */

/* Begin XCBuildConfiguration section */
		8969A95A2C1C8D5E00449F5E /* Debug */ = {
			isa = XCBuildConfiguration;
			buildSettings = {
				ALWAYS_SEARCH_USER_PATHS = NO;
				ASSETCATALOG_COMPILER_GENERATE_SWIFT_ASSET_SYMBOL_EXTENSIONS = YES;
				CLANG_ANALYZER_NONNULL = YES;
				CLANG_ANALYZER_NUMBER_OBJECT_CONVERSION = YES_AGGRESSIVE;
				CLANG_CXX_LANGUAGE_STANDARD = "gnu++20";
				CLANG_ENABLE_MODULES = YES;
				CLANG_ENABLE_OBJC_ARC = YES;
				CLANG_ENABLE_OBJC_WEAK = YES;
				CLANG_WARN_BLOCK_CAPTURE_AUTORELEASING = YES;
				CLANG_WARN_BOOL_CONVERSION = YES;
				CLANG_WARN_COMMA = YES;
				CLANG_WARN_CONSTANT_CONVERSION = YES;
				CLANG_WARN_DEPRECATED_OBJC_IMPLEMENTATIONS = YES;
				CLANG_WARN_DIRECT_OBJC_ISA_USAGE = YES_ERROR;
				CLANG_WARN_DOCUMENTATION_COMMENTS = YES;
				CLANG_WARN_EMPTY_BODY = YES;
				CLANG_WARN_ENUM_CONVERSION = YES;
				CLANG_WARN_INFINITE_RECURSION = YES;
				CLANG_WARN_INT_CONVERSION = YES;
				CLANG_WARN_NON_LITERAL_NULL_CONVERSION = YES;
				CLANG_WARN_OBJC_IMPLICIT_RETAIN_SELF = YES;
				CLANG_WARN_OBJC_LITERAL_CONVERSION = YES;
				CLANG_WARN_OBJC_ROOT_CLASS = YES_ERROR;
				CLANG_WARN_QUOTED_INCLUDE_IN_FRAMEWORK_HEADER = YES;
				CLANG_WARN_RANGE_LOOP_ANALYSIS = YES;
				CLANG_WARN_STRICT_PROTOTYPES = YES;
				CLANG_WARN_SUSPICIOUS_MOVE = YES;
				CLANG_WARN_UNGUARDED_AVAILABILITY = YES_AGGRESSIVE;
				CLANG_WARN_UNREACHABLE_CODE = YES;
				CLANG_WARN__DUPLICATE_METHOD_MATCH = YES;
				COPY_PHASE_STRIP = NO;
				DEBUG_INFORMATION_FORMAT = dwarf;
				ENABLE_STRICT_OBJC_MSGSEND = YES;
				ENABLE_TESTABILITY = YES;
				ENABLE_USER_SCRIPT_SANDBOXING = YES;
				GCC_C_LANGUAGE_STANDARD = gnu17;
				GCC_DYNAMIC_NO_PIC = NO;
				GCC_NO_COMMON_BLOCKS = YES;
				GCC_OPTIMIZATION_LEVEL = 0;
				GCC_PREPROCESSOR_DEFINITIONS = (
					"DEBUG=1",
					"$(inherited)",
				);
				GCC_WARN_64_TO_32_BIT_CONVERSION = YES;
				GCC_WARN_ABOUT_RETURN_TYPE = YES_ERROR;
				GCC_WARN_UNDECLARED_SELECTOR = YES;
				GCC_WARN_UNINITIALIZED_AUTOS = YES_AGGRESSIVE;
				GCC_WARN_UNUSED_FUNCTION = YES;
				GCC_WARN_UNUSED_VARIABLE = YES;
				IPHONEOS_DEPLOYMENT_TARGET = 17.2;
				LOCALIZATION_PREFERS_STRING_CATALOGS = YES;
				MTL_ENABLE_DEBUG_INFO = INCLUDE_SOURCE;
				MTL_FAST_MATH = YES;
				ONLY_ACTIVE_ARCH = YES;
				SDKROOT = iphoneos;
				SWIFT_ACTIVE_COMPILATION_CONDITIONS = "DEBUG $(inherited)";
				SWIFT_OPTIMIZATION_LEVEL = "-Onone";
			};
			name = Debug;
		};
		8969A95B2C1C8D5E00449F5E /* Release */ = {
			isa = XCBuildConfiguration;
			buildSettings = {
				ALWAYS_SEARCH_USER_PATHS = NO;
				ASSETCATALOG_COMPILER_GENERATE_SWIFT_ASSET_SYMBOL_EXTENSIONS = YES;
				CLANG_ANALYZER_NONNULL = YES;
				CLANG_ANALYZER_NUMBER_OBJECT_CONVERSION = YES_AGGRESSIVE;
				CLANG_CXX_LANGUAGE_STANDARD = "gnu++20";
				CLANG_ENABLE_MODULES = YES;
				CLANG_ENABLE_OBJC_ARC = YES;
				CLANG_ENABLE_OBJC_WEAK = YES;
				CLANG_WARN_BLOCK_CAPTURE_AUTORELEASING = YES;
				CLANG_WARN_BOOL_CONVERSION = YES;
				CLANG_WARN_COMMA = YES;
				CLANG_WARN_CONSTANT_CONVERSION = YES;
				CLANG_WARN_DEPRECATED_OBJC_IMPLEMENTATIONS = YES;
				CLANG_WARN_DIRECT_OBJC_ISA_USAGE = YES_ERROR;
				CLANG_WARN_DOCUMENTATION_COMMENTS = YES;
				CLANG_WARN_EMPTY_BODY = YES;
				CLANG_WARN_ENUM_CONVERSION = YES;
				CLANG_WARN_INFINITE_RECURSION = YES;
				CLANG_WARN_INT_CONVERSION = YES;
				CLANG_WARN_NON_LITERAL_NULL_CONVERSION = YES;
				CLANG_WARN_OBJC_IMPLICIT_RETAIN_SELF = YES;
				CLANG_WARN_OBJC_LITERAL_CONVERSION = YES;
				CLANG_WARN_OBJC_ROOT_CLASS = YES_ERROR;
				CLANG_WARN_QUOTED_INCLUDE_IN_FRAMEWORK_HEADER = YES;
				CLANG_WARN_RANGE_LOOP_ANALYSIS = YES;
				CLANG_WARN_STRICT_PROTOTYPES = YES;
				CLANG_WARN_SUSPICIOUS_MOVE = YES;
				CLANG_WARN_UNGUARDED_AVAILABILITY = YES_AGGRESSIVE;
				CLANG_WARN_UNREACHABLE_CODE = YES;
				CLANG_WARN__DUPLICATE_METHOD_MATCH = YES;
				COPY_PHASE_STRIP = NO;
				DEBUG_INFORMATION_FORMAT = "dwarf-with-dsym";
				ENABLE_NS_ASSERTIONS = NO;
				ENABLE_STRICT_OBJC_MSGSEND = YES;
				ENABLE_USER_SCRIPT_SANDBOXING = YES;
				GCC_C_LANGUAGE_STANDARD = gnu17;
				GCC_NO_COMMON_BLOCKS = YES;
				GCC_WARN_64_TO_32_BIT_CONVERSION = YES;
				GCC_WARN_ABOUT_RETURN_TYPE = YES_ERROR;
				GCC_WARN_UNDECLARED_SELECTOR = YES;
				GCC_WARN_UNINITIALIZED_AUTOS = YES_AGGRESSIVE;
				GCC_WARN_UNUSED_FUNCTION = YES;
				GCC_WARN_UNUSED_VARIABLE = YES;
				IPHONEOS_DEPLOYMENT_TARGET = 17.2;
				LOCALIZATION_PREFERS_STRING_CATALOGS = YES;
				MTL_ENABLE_DEBUG_INFO = NO;
				MTL_FAST_MATH = YES;
				SDKROOT = iphoneos;
				SWIFT_COMPILATION_MODE = wholemodule;
				VALIDATE_PRODUCT = YES;
			};
			name = Release;
		};
		8969A95D2C1C8D5E00449F5E /* Debug */ = {
			isa = XCBuildConfiguration;
			buildSettings = {
				ASSETCATALOG_COMPILER_APPICON_NAME = AppIcon;
				ASSETCATALOG_COMPILER_GLOBAL_ACCENT_COLOR_NAME = AccentColor;
				CODE_SIGN_STYLE = Automatic;
				CURRENT_PROJECT_VERSION = 1;
				DEVELOPMENT_ASSET_PATHS = "\"AquifyATX/Preview Content\"";
				DEVELOPMENT_TEAM = F4GRTQN328;
				ENABLE_PREVIEWS = YES;
				GENERATE_INFOPLIST_FILE = YES;
				INFOPLIST_KEY_UIApplicationSceneManifest_Generation = YES;
				INFOPLIST_KEY_UIApplicationSupportsIndirectInputEvents = YES;
				INFOPLIST_KEY_UILaunchScreen_Generation = YES;
				INFOPLIST_KEY_UISupportedInterfaceOrientations_iPad = "UIInterfaceOrientationPortrait UIInterfaceOrientationPortraitUpsideDown UIInterfaceOrientationLandscapeLeft UIInterfaceOrientationLandscapeRight";
				INFOPLIST_KEY_UISupportedInterfaceOrientations_iPhone = "UIInterfaceOrientationPortrait UIInterfaceOrientationLandscapeLeft UIInterfaceOrientationLandscapeRight";
				LD_RUNPATH_SEARCH_PATHS = (
					"$(inherited)",
					"@executable_path/Frameworks",
				);
				MARKETING_VERSION = 1.0;
				PRODUCT_BUNDLE_IDENTIFIER = COBRA.AquifyATX;
				PRODUCT_NAME = "$(TARGET_NAME)";
				SWIFT_EMIT_LOC_STRINGS = YES;
				SWIFT_VERSION = 5.0;
				TARGETED_DEVICE_FAMILY = "1,2";
			};
			name = Debug;
		};
		8969A95E2C1C8D5E00449F5E /* Release */ = {
			isa = XCBuildConfiguration;
			buildSettings = {
				ASSETCATALOG_COMPILER_APPICON_NAME = AppIcon;
				ASSETCATALOG_COMPILER_GLOBAL_ACCENT_COLOR_NAME = AccentColor;
				CODE_SIGN_STYLE = Automatic;
				CURRENT_PROJECT_VERSION = 1;
				DEVELOPMENT_ASSET_PATHS = "\"AquifyATX/Preview Content\"";
				DEVELOPMENT_TEAM = F4GRTQN328;
				ENABLE_PREVIEWS = YES;
				GENERATE_INFOPLIST_FILE = YES;
				INFOPLIST_KEY_UIApplicationSceneManifest_Generation = YES;
				INFOPLIST_KEY_UIApplicationSupportsIndirectInputEvents = YES;
				INFOPLIST_KEY_UILaunchScreen_Generation = YES;
				INFOPLIST_KEY_UISupportedInterfaceOrientations_iPad = "UIInterfaceOrientationPortrait UIInterfaceOrientationPortraitUpsideDown UIInterfaceOrientationLandscapeLeft UIInterfaceOrientationLandscapeRight";
				INFOPLIST_KEY_UISupportedInterfaceOrientations_iPhone = "UIInterfaceOrientationPortrait UIInterfaceOrientationLandscapeLeft UIInterfaceOrientationLandscapeRight";
				LD_RUNPATH_SEARCH_PATHS = (
					"$(inherited)",
					"@executable_path/Frameworks",
				);
				MARKETING_VERSION = 1.0;
				PRODUCT_BUNDLE_IDENTIFIER = COBRA.AquifyATX;
				PRODUCT_NAME = "$(TARGET_NAME)";
				SWIFT_EMIT_LOC_STRINGS = YES;
				SWIFT_VERSION = 5.0;
				TARGETED_DEVICE_FAMILY = "1,2";
			};
			name = Release;
		};
		8969A9602C1C8D5E00449F5E /* Debug */ = {
			isa = XCBuildConfiguration;
			buildSettings = {
				ALWAYS_EMBED_SWIFT_STANDARD_LIBRARIES = YES;
				BUNDLE_LOADER = "$(TEST_HOST)";
				CODE_SIGN_STYLE = Automatic;
				CURRENT_PROJECT_VERSION = 1;
				DEVELOPMENT_TEAM = F4GRTQN328;
				GENERATE_INFOPLIST_FILE = YES;
				IPHONEOS_DEPLOYMENT_TARGET = 17.2;
				MARKETING_VERSION = 1.0;
				PRODUCT_BUNDLE_IDENTIFIER = COBRA.AquifyATXTests;
				PRODUCT_NAME = "$(TARGET_NAME)";
				SWIFT_EMIT_LOC_STRINGS = NO;
				SWIFT_VERSION = 5.0;
				TARGETED_DEVICE_FAMILY = "1,2";
				TEST_HOST = "$(BUILT_PRODUCTS_DIR)/AquifyATX.app/$(BUNDLE_EXECUTABLE_FOLDER_PATH)/AquifyATX";
			};
			name = Debug;
		};
		8969A9612C1C8D5E00449F5E /* Release */ = {
			isa = XCBuildConfiguration;
			buildSettings = {
				ALWAYS_EMBED_SWIFT_STANDARD_LIBRARIES = YES;
				BUNDLE_LOADER = "$(TEST_HOST)";
				CODE_SIGN_STYLE = Automatic;
				CURRENT_PROJECT_VERSION = 1;
				DEVELOPMENT_TEAM = F4GRTQN328;
				GENERATE_INFOPLIST_FILE = YES;
				IPHONEOS_DEPLOYMENT_TARGET = 17.2;
				MARKETING_VERSION = 1.0;
				PRODUCT_BUNDLE_IDENTIFIER = COBRA.AquifyATXTests;
				PRODUCT_NAME = "$(TARGET_NAME)";
				SWIFT_EMIT_LOC_STRINGS = NO;
				SWIFT_VERSION = 5.0;
				TARGETED_DEVICE_FAMILY = "1,2";
				TEST_HOST = "$(BUILT_PRODUCTS_DIR)/AquifyATX.app/$(BUNDLE_EXECUTABLE_FOLDER_PATH)/AquifyATX";
			};
			name = Release;
		};
		8969A9632C1C8D5E00449F5E /* Debug */ = {
			isa = XCBuildConfiguration;
			buildSettings = {
				ALWAYS_EMBED_SWIFT_STANDARD_LIBRARIES = YES;
				CODE_SIGN_STYLE = Automatic;
				CURRENT_PROJECT_VERSION = 1;
				DEVELOPMENT_TEAM = F4GRTQN328;
				GENERATE_INFOPLIST_FILE = YES;
				MARKETING_VERSION = 1.0;
				PRODUCT_BUNDLE_IDENTIFIER = COBRA.AquifyATXUITests;
				PRODUCT_NAME = "$(TARGET_NAME)";
				SWIFT_EMIT_LOC_STRINGS = NO;
				SWIFT_VERSION = 5.0;
				TARGETED_DEVICE_FAMILY = "1,2";
				TEST_TARGET_NAME = AquifyATX;
			};
			name = Debug;
		};
		8969A9642C1C8D5E00449F5E /* Release */ = {
			isa = XCBuildConfiguration;
			buildSettings = {
				ALWAYS_EMBED_SWIFT_STANDARD_LIBRARIES = YES;
				CODE_SIGN_STYLE = Automatic;
				CURRENT_PROJECT_VERSION = 1;
				DEVELOPMENT_TEAM = F4GRTQN328;
				GENERATE_INFOPLIST_FILE = YES;
				MARKETING_VERSION = 1.0;
				PRODUCT_BUNDLE_IDENTIFIER = COBRA.AquifyATXUITests;
				PRODUCT_NAME = "$(TARGET_NAME)";
				SWIFT_EMIT_LOC_STRINGS = NO;
				SWIFT_VERSION = 5.0;
				TARGETED_DEVICE_FAMILY = "1,2";
				TEST_TARGET_NAME = AquifyATX;
			};
			name = Release;
		};
/* End XCBuildConfiguration section */

/* Begin XCConfigurationList section */
		8969A9332C1C8D5D00449F5E /* Build configuration list for PBXProject "AquifyATX" */ = {
			isa = XCConfigurationList;
			buildConfigurations = (
				8969A95A2C1C8D5E00449F5E /* Debug */,
				8969A95B2C1C8D5E00449F5E /* Release */,
			);
			defaultConfigurationIsVisible = 0;
			defaultConfigurationName = Release;
		};
		8969A95C2C1C8D5E00449F5E /* Build configuration list for PBXNativeTarget "AquifyATX" */ = {
			isa = XCConfigurationList;
			buildConfigurations = (
				8969A95D2C1C8D5E00449F5E /* Debug */,
				8969A95E2C1C8D5E00449F5E /* Release */,
			);
			defaultConfigurationIsVisible = 0;
			defaultConfigurationName = Release;
		};
		8969A95F2C1C8D5E00449F5E /* Build configuration list for PBXNativeTarget "AquifyATXTests" */ = {
			isa = XCConfigurationList;
			buildConfigurations = (
				8969A9602C1C8D5E00449F5E /* Debug */,
				8969A9612C1C8D5E00449F5E /* Release */,
			);
			defaultConfigurationIsVisible = 0;
			defaultConfigurationName = Release;
		};
		8969A9622C1C8D5E00449F5E /* Build configuration list for PBXNativeTarget "AquifyATXUITests" */ = {
			isa = XCConfigurationList;
			buildConfigurations = (
				8969A9632C1C8D5E00449F5E /* Debug */,
				8969A9642C1C8D5E00449F5E /* Release */,
			);
			defaultConfigurationIsVisible = 0;
			defaultConfigurationName = Release;
		};
/* End XCConfigurationList section */
	};
	rootObject = 8969A9302C1C8D5D00449F5E /* Project object */;
}
